{
  "name": "Portfolio",
  "lockfileVersion": 3,
  "requires": true,
  "packages": {
    "": {
      "dependencies": {
        "kinet": "^2.2.1"
      }
    },
    "node_modules/kinet": {
      "version": "2.2.1",
      "resolved": "https://registry.npmjs.org/kinet/-/kinet-2.2.1.tgz",
      "integrity": "sha512-UmnTPmnEokjxBeB3gPkOnTwRlIUaAeB+t21E+HJGzRKCGdJTUF3CTztK5yzzEuBQ1BZ0I0ovrY73+ctpPWFIOg=="
    }
  }
}
